FORGE
  remote: https://forge.puppetlabs.com
  specs:
    ajcrowe-supervisord (0.4.1)
      puppetlabs-concat (>= 1.0.0, < 2.0.0)
      puppetlabs-stdlib (>= 4.1.0)
    puppetlabs-apache (1.1.1)
      puppetlabs-concat (>= 1.0.0)
      puppetlabs-stdlib (>= 2.4.0)
    puppetlabs-concat (1.1.0)
      puppetlabs-stdlib (>= 4.0.0)
    puppetlabs-firewall (1.1.3)
    puppetlabs-stdlib (4.3.2)
    saz-sudo (3.0.6)
      puppetlabs-stdlib (>= 2.3.0)

DEPENDENCIES
  ajcrowe-supervisord (>= 0)
  puppetlabs-apache (>= 0)
  puppetlabs-firewall (>= 0)
  puppetlabs-stdlib (>= 0)
  saz-sudo (>= 0)

